<?xml version="1.0" encoding="utf-8"?>
<Project ToolsVersion="4.0" xmlns="http://schemas.microsoft.com/developer/msbuild/2003">
  <ItemGroup>
    <Filter Include="Source Files">
      <UniqueIdentifier>{a3a559a3-6c95-4483-8964-f0d4943b1eca}</UniqueIdentifier>
      <Extensions>cpp;c;cxx;rc;def;r;odl;idl;hpj;bat</Extensions>
    </Filter>
    <Filter Include="Header Files">
      <UniqueIdentifier>{c9710ef4-0975-4ac1-a1b1-bd2ffae5f776}</UniqueIdentifier>
      <Extensions>h;hpp;hxx;hm;inl</Extensions>
    </Filter>
    <Filter Include="Header Files\include">
      <UniqueIdentifier>{9df571e8-194a-4f7c-b24b-9c9476fe1621}</UniqueIdentifier>
    </Filter>
    <Filter Include="Header Files\include\clipper">
      <UniqueIdentifier>{e4bdd241-725c-46d1-93dd-26e735b9251d}</UniqueIdentifier>
    </Filter>
  </ItemGroup>
  <ItemGroup>
    <None Include="clipper.def">
      <Filter>Source Files</Filter>
    </None>
  </ItemGroup>
  <ItemGroup>
    <ClCompile Include="clipper.cpp">
      <Filter>Source Files</Filter>
    </ClCompile>
  </ItemGroup>
  <ItemGroup>
    <ClInclude Include="include\clipper\clipper.hpp">
      <Filter>Header Files\include\clipper</Filter>
    </ClInclude>
  </ItemGroup>
</Project>